{
  "object": {
    "pins": [
      {
        "package": "CustomModalView",
        "repositoryURL": "/Users/jankaltoun/Code/Personal/CustomModalView",
        "state": {
          "branch": null,
          "revision": "8b3b9adab06e6c70dea7757fc29e1276d5620ee5",
          "version": "0.9.5"
        }
      }
    ]
  },
  "version": 1
}
